<?xml version="1.0" encoding="UTF-8" standalone="yes" ?>
<CodeBlocks_project_file>
	<FileVersion major="1" minor="6" />
	<Project>
		<Option title="Spectroscope" />
		<Option pch_mode="2" />
		<Option compiler="gcc" />
		<Option show_notes="0">
			<notes>
				<![CDATA[Uses following OpenGL settings:
Version 3.1
AntiAliasing level 4]]>
			</notes>
		</Option>
		<Build>
			<Target title="Debug">
				<Option output="bin/Debug/Spectroscope" prefix_auto="1" extension_auto="1" />
				<Option object_output="obj/Debug/" />
				<Option type="0" />
				<Option compiler="gcc" />
				<Option parameters="c:\spectroscope\config.ini" />
				<Compiler>
					<Add option="-g" />
					<Add directory="include" />
				</Compiler>
				<Linker>
					<Add library="sfml-graphics-d" />
					<Add library="sfml-window-d" />
					<Add library="sfml-audio-d" />
					<Add library="sfml-system-d" />
				</Linker>
			</Target>
			<Target title="Release">
				<Option output="bin/Release/Spectroscope" prefix_auto="1" extension_auto="1" />
				<Option object_output="obj/Release/" />
				<Option type="1" />
				<Option compiler="gcc" />
				<Option parameters="c:\spectroscope\config.ini" />
				<Compiler>
					<Add option="-O2" />
					<Add directory="include" />
				</Compiler>
				<Linker>
					<Add option="-s" />
					<Add library="sfml-graphics" />
					<Add library="sfml-window" />
					<Add library="sfml-audio" />
					<Add library="sfml-system" />
				</Linker>
			</Target>
		</Build>
		<Compiler>
			<Add option="-Wall" />
			<Add option="-fexceptions" />
			<Add directory="A:/AUD/Prog/SFML-2.5.1/include" />
		</Compiler>
		<Linker>
			<Add directory="A:/AUD/Prog/SFML-2.5.1/lib" />
		</Linker>
		<Unit filename="Icon.ico" />
		<Unit filename="include/Configuration.h" />
		<Unit filename="include/Scope.h" />
		<Unit filename="include/Sfgr.h" />
		<Unit filename="include/fftStorage.h" />
		<Unit filename="include/handle_ini.h" />
		<Unit filename="main.cpp" />
		<Unit filename="resources.rc">
			<Option compilerVar="WINDRES" />
		</Unit>
		<Unit filename="src/Configuration.cpp" />
		<Unit filename="src/Scope.cpp" />
		<Unit filename="src/Sfgr.cpp" />
		<Unit filename="src/fftstorage.cpp" />
		<Unit filename="src/handle_ini.cpp" />
		<Extensions>
			<lib_finder disable_auto="1" />
		</Extensions>
	</Project>
</CodeBlocks_project_file>
